GEM
  remote: https://rubygems.org/
  specs:
    airbrussh (1.6.2)
      sshkit (>= 1.6.1, != 1.7.0)
    base64 (0.3.0)
    bcrypt_pbkdf (1.1.2)
    bcrypt_pbkdf (1.1.2-arm64-darwin)
    bcrypt_pbkdf (1.1.2-x86_64-darwin)
    capistrano (3.20.1)
      airbrussh (>= 1.0.0)
      i18n
      rake (>= 10.0.0)
      sshkit (>= 1.9.0)
    capistrano-bundler (2.2.0)
      capistrano (~> 3.1)
    capistrano-mise (0.1.0)
      capistrano (~> 3.0)
    capistrano-rails (1.7.0)
      capistrano (~> 3.1)
      capistrano-bundler (>= 1.1, < 3)
    capistrano-rvm (0.1.2)
      capistrano (~> 3.0)
      sshkit (~> 1.2)
    capistrano-sidekiq (3.2.0)
      capistrano (>= 3.9.0)
      capistrano-bundler
      sidekiq (>= 7.0)
    capistrano3-puma (8.1.0)
      capistrano (~> 3.7)
      capistrano-bundler
      puma (>= 6.1, < 9.0)
    chronic (0.10.2)
    concurrent-ruby (1.3.8)
    connection_pool (3.0.2)
    ed25519 (1.4.0)
    i18n (1.15.2)
      concurrent-ruby (~> 1.0)
    json (3.0.2)
    logger (1.7.0)
    net-scp (4.1.0)
      net-ssh (>= 2.6.5, < 8.0.0)
    net-sftp (4.0.0)
      net-ssh (>= 5.0.0, < 8.0.0)
    net-ssh (7.3.3)
    nio4r (2.7.5)
    ostruct (0.6.3)
    puma (8.0.2)
      nio4r (~> 2.0)
    rack (3.2.7)
    rake (13.4.2)
    redis-client (0.30.1)
      connection_pool
    rollbar (3.8.0)
    sidekiq (8.1.7)
      connection_pool (>= 3.0.0)
      json (>= 2.16.0)
      logger (>= 1.7.0)
      rack (>= 3.2.0)
      redis-client (>= 0.29.0)
    sshkit (1.25.1)
      base64
      logger
      net-scp (>= 1.1.2)
      net-sftp (>= 2.1.2)
      net-ssh (>= 2.8.0)
      ostruct
    whenever (1.1.3)
      chronic (>= 0.6.3)

PLATFORMS
  arm64-darwin
  ruby
  x86_64-darwin

DEPENDENCIES
  bcrypt_pbkdf (~> 1.1)
  capistrano (~> 3.20)
  capistrano-bundler (~> 2.2)
  capistrano-mise (~> 0.1)
  capistrano-rails (~> 1.7)
  capistrano-rvm (~> 0.1.2)
  capistrano-sidekiq (~> 3.2)
  capistrano3-puma (~> 8.1)
  ed25519 (~> 1.4)
  rake
  rollbar (~> 3.8)
  whenever (~> 1.1)

CHECKSUMS
  airbrussh (1.6.2) sha256=3278655b2d957d774589a17e01496149288cbd8f1158b377581d82db006401cc
  base64 (0.3.0) sha256=27337aeabad6ffae05c265c450490628ef3ebd4b67be58257393227588f5a97b
  bcrypt_pbkdf (1.1.2) sha256=c2414c23ce66869b3eb9f643d6a3374d8322dfb5078125c82792304c10b94cf6
  bcrypt_pbkdf (1.1.2-arm64-darwin) sha256=afdd6feb6ed5a97b8e44caacb3f2d641b98af78e6a516d4a3520b69af5cf9fea
  bcrypt_pbkdf (1.1.2-x86_64-darwin) sha256=35f5639d0058e6c2cc2f856f9c0b14080543268d3047abe6bc81c513093caa0e
  bundler (4.0.21) sha256=7cbf5499b426076aa16c8d28a59e4c2c3aad5a438402abcd961f0119f29f1dd0
  capistrano (3.20.1) sha256=b0d54ba5cf49bb194998bf6b427e889aa36ed05f545ecf7cc37acb9d529e9ae9
  capistrano-bundler (2.2.0) sha256=47b4cf2ea17ea132bb0a5cabc5663443f5190a54f4da5b322d04e1558ff1468c
  capistrano-mise (0.1.0) sha256=f73bd5a3112d45a6b752897f5764642c8827c9aa22874a88c2ab8d938252b96c
  capistrano-rails (1.7.0) sha256=aca57455e8c5435785e0f938e16aa5b79c263694a755e1dca1c5d1743b40aae7
  capistrano-rvm (0.1.2) sha256=4adb7ffd98d2c1335b597b063e1e6cafd9dd2d6ecc9d358bf78100aad8475e97
  capistrano-sidekiq (3.2.0) sha256=82cb56c6fa4452eaea92086a47dde53a2642f776291fe8661fc39cdb5f4946b3
  capistrano3-puma (8.1.0) sha256=280c5cb3ce412db47543d5811e198215cd9e5bf57d787f62ab9aec6fa0ba9c90
  chronic (0.10.2) sha256=766f2fcce6ac3cc152249ed0f2b827770d3e517e2e87c5fba7ed74f4889d2dc3
  concurrent-ruby (1.3.8) sha256=b2f1be836e968ccc78ccfce277ea79c72a88633f22306782c16ff23fb415d1e1
  connection_pool (3.0.2) sha256=33fff5ba71a12d2aa26cb72b1db8bba2a1a01823559fb01d29eb74c286e62e0a
  ed25519 (1.4.0) sha256=16e97f5198689a154247169f3453ef4cfd3f7a47481fde0ae33206cdfdcac506
  i18n (1.15.2) sha256=00f9eb62412fe593b2a65a97daa75300d37abb8f7202ec748e94b6d46a9dd1b5
  json (3.0.2) sha256=8e6d7e7b11384c21230430cef90b71f14849a34a1f4452796670f7c981bd19df
  logger (1.7.0) sha256=196edec7cc44b66cfb40f9755ce11b392f21f7967696af15d274dde7edff0203
  net-scp (4.1.0) sha256=a99b0b92a1e5d360b0de4ffbf2dc0c91531502d3d4f56c28b0139a7c093d1a5d
  net-sftp (4.0.0) sha256=65bb91c859c2f93b09826757af11b69af931a3a9155050f50d1b06d384526364
  net-ssh (7.3.3) sha256=831def58b2c51dcef66ec00d29397d4f210de89c19fe78f95873ca30f386e86a
  nio4r (2.7.5) sha256=6c90168e48fb5f8e768419c93abb94ba2b892a1d0602cb06eef16d8b7df1dca1
  ostruct (0.6.3) sha256=95a2ed4a4bd1d190784e666b47b2d3f078e4a9efda2fccf18f84ddc6538ed912
  puma (8.0.2) sha256=c8ed871dfbbe66448ea9ffd46692342d9804d4071522b52b5331b7b6e7b686fb
  rack (3.2.7) sha256=93e13e1c24f93556671d85d2d79fa228c3485815c50d7e2f265b5330c6528fb7
  rake (13.4.2) sha256=cb825b2bd5f1f8e91ca37bddb4b9aaf345551b4731da62949be002fa89283701
  redis-client (0.30.1) sha256=5151bc5c7bbfe48623732cdae3b900d8a22dc691cc7cdfacfb351ac55116522d
  rollbar (3.8.0) sha256=655d2783c84c854634f4a1045f34ff8d390596ee4c481f01fe1b214423047a3e
  sidekiq (8.1.7) sha256=91ad48c7e6c32e1846bf1d5b74c27948758049b93fed0cb539f8d586c7de3415
  sshkit (1.25.1) sha256=be3f10b9d6eb0b44d5eaba3f7cbe41bc6bb894bce4339688ac20124391455b78
  whenever (1.1.3) sha256=162f35defb5cca5392aeafe4cb1700f9d112e0f3a86c90f6731ecae29ee921b0

BUNDLED WITH
  4.0.21
